
Microsoft Visual Studio Solution File, Format Version 12.00
# Visual Studio Version 17
VisualStudioVersion = 17.9.34607.119
MinimumVisualStudioVersion = 10.0.40219.1
Project("{8BC9CEB8-8B4A-11D0-8D11-00A0C91BC942}") = "Libraries_vCpp", "Libraries_vCpp\Libraries_vCpp.vcxproj", "{B53EFEF7-1F80-45A0-AA05-ED1E457F52C3}"
EndProject
Project("{8BC9CEB8-8B4A-11D0-8D11-00A0C91BC942}") = "Core", "Core\Core.vcxproj", "{75423F92-4A77-4B64-8D02-DF76658DF6BC}"
EndProject
Global
	GlobalSection(SolutionConfigurationPlatforms) = preSolution
		Debug|x64 = Debug|x64
		Debug|x86 = Debug|x86
		Release|x64 = Release|x64
		Release|x86 = Release|x86
	EndGlobalSection
	GlobalSection(ProjectConfigurationPlatforms) = postSolution
		{B53EFEF7-1F80-45A0-AA05-ED1E457F52C3}.Debug|x64.ActiveCfg = Debug|x64
		{B53EFEF7-1F80-45A0-AA05-ED1E457F52C3}.Debug|x64.Build.0 = Debug|x64
		{B53EFEF7-1F80-45A0-AA05-ED1E457F52C3}.Debug|x86.ActiveCfg = Debug|Win32
		{B53EFEF7-1F80-45A0-AA05-ED1E457F52C3}.Debug|x86.Build.0 = Debug|Win32
		{B53EFEF7-1F80-45A0-AA05-ED1E457F52C3}.Release|x64.ActiveCfg = Release|x64
		{B53EFEF7-1F80-45A0-AA05-ED1E457F52C3}.Release|x64.Build.0 = Release|x64
		{B53EFEF7-1F80-45A0-AA05-ED1E457F52C3}.Release|x86.ActiveCfg = Release|Win32
		{B53EFEF7-1F80-45A0-AA05-ED1E457F52C3}.Release|x86.Build.0 = Release|Win32
		{75423F92-4A77-4B64-8D02-DF76658DF6BC}.Debug|x64.ActiveCfg = Debug|x64
		{75423F92-4A77-4B64-8D02-DF76658DF6BC}.Debug|x64.Build.0 = Debug|x64
		{75423F92-4A77-4B64-8D02-DF76658DF6BC}.Debug|x86.ActiveCfg = Debug|Win32
		{75423F92-4A77-4B64-8D02-DF76658DF6BC}.Debug|x86.Build.0 = Debug|Win32
		{75423F92-4A77-4B64-8D02-DF76658DF6BC}.Release|x64.ActiveCfg = Release|x64
		{75423F92-4A77-4B64-8D02-DF76658DF6BC}.Release|x64.Build.0 = Release|x64
		{75423F92-4A77-4B64-8D02-DF76658DF6BC}.Release|x86.ActiveCfg = Release|Win32
		{75423F92-4A77-4B64-8D02-DF76658DF6BC}.Release|x86.Build.0 = Release|Win32
	EndGlobalSection
	GlobalSection(SolutionProperties) = preSolution
		HideSolutionNode = FALSE
	EndGlobalSection
	GlobalSection(ExtensibilityGlobals) = postSolution
		SolutionGuid = {7D7DA102-7C11-4EE7-93DE-6D8ACF796EBB}
	EndGlobalSection
EndGlobal
